{
  "name": "gtrend-slack-app",
  "version": "1.0.0",
  "lockfileVersion": 1,
  "requires": true,
  "dependencies": {
    "camelcase": {
      "version": "3.0.0",
      "resolved": "https://registry.npmjs.org/camelcase/-/camelcase-3.0.0.tgz",
      "integrity": "sha1-MvxLn82vhF/N9+c7uXysImHwqwo="
    },
    "google-trends-api": {
      "version": "4.9.0",
      "resolved": "https://registry.npmjs.org/google-trends-api/-/google-trends-api-4.9.0.tgz",
      "integrity": "sha512-ujOLHM98bE7Igy8YA4Lrb5naDpaY1wGt215zgHXPznCDwHmMjMK1FW8yW//dHQ9CKyG/HzaNBDfF7jEAUk8Kkw=="
    },
    "slack-message-builder": {
      "version": "1.2.1",
      "resolved": "https://registry.npmjs.org/slack-message-builder/-/slack-message-builder-1.2.1.tgz",
      "integrity": "sha512-XGdAFnKzF8pMololFyc3GgE5SemODTdLQxy9tF45yqPuF+orAlrd8S/UTydm7b3mt4FY16ENc8Ew2SWIoBJtqg==",
      "requires": {
        "camelcase": "^3.0.0"
      }
    }
  }
}
